
Microsoft Visual Studio Solution File, Format Version 12.00
# Visual Studio Version 16
VisualStudioVersion = 16.0.33423.256
MinimumVisualStudioVersion = 10.0.40219.1
Project("{8BC9CEB8-8B4A-11D0-8D11-00A0C91BC942}") = "PDW", "PDW.vcxproj", "{E2A8B22B-0F56-4CEF-A98B-87F099B443CE}"
EndProject
Global
	GlobalSection(SolutionConfigurationPlatforms) = preSolution
		Debug|ARM = Debug|ARM
		Debug|ARM64 = Debug|ARM64
		Debug|x64 = Debug|x64
		Debug|x86 = Debug|x86
		Release|ARM = Release|ARM
		Release|ARM64 = Release|ARM64
		Release|x64 = Release|x64
		Release|x86 = Release|x86
	EndGlobalSection
	GlobalSection(ProjectConfigurationPlatforms) = postSolution
		{E2A8B22B-0F56-4CEF-A98B-87F099B443CE}.Debug|ARM.ActiveCfg = Debug|ARM
		{E2A8B22B-0F56-4CEF-A98B-87F099B443CE}.Debug|ARM.Build.0 = Debug|ARM
		{E2A8B22B-0F56-4CEF-A98B-87F099B443CE}.Debug|ARM64.ActiveCfg = Debug|ARM64
		{E2A8B22B-0F56-4CEF-A98B-87F099B443CE}.Debug|ARM64.Build.0 = Debug|ARM64
		{E2A8B22B-0F56-4CEF-A98B-87F099B443CE}.Debug|x64.ActiveCfg = Debug|x64
		{E2A8B22B-0F56-4CEF-A98B-87F099B443CE}.Debug|x64.Build.0 = Debug|x64
		{E2A8B22B-0F56-4CEF-A98B-87F099B443CE}.Debug|x86.ActiveCfg = Debug|Win32
		{E2A8B22B-0F56-4CEF-A98B-87F099B443CE}.Debug|x86.Build.0 = Debug|Win32
		{E2A8B22B-0F56-4CEF-A98B-87F099B443CE}.Release|ARM.ActiveCfg = Release|ARM
		{E2A8B22B-0F56-4CEF-A98B-87F099B443CE}.Release|ARM.Build.0 = Release|ARM
		{E2A8B22B-0F56-4CEF-A98B-87F099B443CE}.Release|ARM64.ActiveCfg = Release|ARM64
		{E2A8B22B-0F56-4CEF-A98B-87F099B443CE}.Release|ARM64.Build.0 = Release|ARM64
		{E2A8B22B-0F56-4CEF-A98B-87F099B443CE}.Release|x64.ActiveCfg = Release|x64
		{E2A8B22B-0F56-4CEF-A98B-87F099B443CE}.Release|x64.Build.0 = Release|x64
		{E2A8B22B-0F56-4CEF-A98B-87F099B443CE}.Release|x86.ActiveCfg = Release|Win32
		{E2A8B22B-0F56-4CEF-A98B-87F099B443CE}.Release|x86.Build.0 = Release|Win32
	EndGlobalSection
	GlobalSection(SolutionProperties) = preSolution
		HideSolutionNode = FALSE
	EndGlobalSection
	GlobalSection(ExtensibilityGlobals) = postSolution
		SolutionGuid = {3CD24D0C-CCF5-443F-9787-EF2E3F246AED}
	EndGlobalSection
EndGlobal
