<?xml version="1.0" encoding="utf-8"?>
<Project ToolsVersion="4.0" xmlns="http://schemas.microsoft.com/developer/msbuild/2003">
  <ItemGroup>
    <Filter Include="Source Files">
      <UniqueIdentifier>{4FC737F1-C7A5-4376-A066-2A32D752A2FF}</UniqueIdentifier>
      <Extensions>cpp;c;cc;cxx;def;odl;idl;hpj;bat;asm;asmx</Extensions>
    </Filter>
    <Filter Include="Header Files">
      <UniqueIdentifier>{93995380-89BD-4b04-88EB-625FBE52EBFB}</UniqueIdentifier>
      <Extensions>h;hh;hpp;hxx;hm;inl;inc;xsd</Extensions>
    </Filter>
    <Filter Include="Resource Files">
      <UniqueIdentifier>{67DA6AB6-F800-4c08-8B7A-83BB121AAD01}</UniqueIdentifier>
      <Extensions>rc;ico;cur;bmp;dlg;rc2;rct;bin;rgs;gif;jpg;jpeg;jpe;resx;tiff;tif;png;wav</Extensions>
    </Filter>
  </ItemGroup>
  <ItemGroup>
    <ClCompile Include="acars.cpp">
      <Filter>Source Files</Filter>
    </ClCompile>
    <ClCompile Include="decode.cpp">
      <Filter>Source Files</Filter>
    </ClCompile>
    <ClCompile Include="ermes.cpp">
      <Filter>Source Files</Filter>
    </ClCompile>
    <ClCompile Include="flex.cpp">
      <Filter>Source Files</Filter>
    </ClCompile>
    <ClCompile Include="gfx.cpp">
      <Filter>Source Files</Filter>
    </ClCompile>
    <ClCompile Include="helper_funcs.cpp">
      <Filter>Source Files</Filter>
    </ClCompile>
    <ClCompile Include="initapp.cpp">
      <Filter>Source Files</Filter>
    </ClCompile>
    <ClCompile Include="language.cpp">
      <Filter>Source Files</Filter>
    </ClCompile>
    <ClCompile Include="menu.cpp">
      <Filter>Source Files</Filter>
    </ClCompile>
    <ClCompile Include="misc.cpp">
      <Filter>Source Files</Filter>
    </ClCompile>
    <ClCompile Include="mobitex.cpp">
      <Filter>Source Files</Filter>
    </ClCompile>
    <ClCompile Include="main.cpp">
      <Filter>Source Files</Filter>
    </ClCompile>
    <ClCompile Include="pocsag.cpp">
      <Filter>Source Files</Filter>
    </ClCompile>
    <ClCompile Include="printer.cpp">
      <Filter>Source Files</Filter>
    </ClCompile>
    <ClCompile Include="sigind.cpp">
      <Filter>Source Files</Filter>
    </ClCompile>
    <ClCompile Include="sound_in.cpp">
      <Filter>Source Files</Filter>
    </ClCompile>
    <ClCompile Include="toolbar.cpp">
      <Filter>Source Files</Filter>
    </ClCompile>
    <ClCompile Include="utils/binary.cpp">
      <Filter>Source Files</Filter>
    </ClCompile>
    <ClCompile Include="utils/debug.cpp">
      <Filter>Source Files</Filter>
    </ClCompile>
    <ClCompile Include="utils/ipcnfg.cpp">
      <Filter>Source Files</Filter>
    </ClCompile>
    <ClCompile Include="utils/ostype.cpp">
      <Filter>Source Files</Filter>
    </ClCompile>
    <ClCompile Include="utils/rs232.cpp">
      <Filter>Source Files</Filter>
    </ClCompile>
    <ClCompile Include="utils/smtp.cpp">
      <Filter>Source Files</Filter>
    </ClCompile>
  </ItemGroup>
  <ItemGroup>
    <ClInclude Include="resrc1.h">
      <Filter>Header Files</Filter>
    </ClInclude>
    <ClInclude Include="headers/acars.h">
      <Filter>Header Files</Filter>
    </ClInclude>
    <ClInclude Include="headers/decode.h">
      <Filter>Header Files</Filter>
    </ClInclude>
    <ClInclude Include="headers/ermes.h">
      <Filter>Header Files</Filter>
    </ClInclude>
    <ClInclude Include="headers/gfx.h">
      <Filter>Header Files</Filter>
    </ClInclude>
    <ClInclude Include="headers/helper_funcs.h">
      <Filter>Header Files</Filter>
    </ClInclude>
    <ClInclude Include="headers/html.h">
      <Filter>Header Files</Filter>
    </ClInclude>
    <ClInclude Include="headers/initapp.h">
      <Filter>Header Files</Filter>
    </ClInclude>
    <ClInclude Include="headers/language.h">
      <Filter>Header Files</Filter>
    </ClInclude>
    <ClInclude Include="headers/menu.h">
      <Filter>Header Files</Filter>
    </ClInclude>
    <ClInclude Include="headers/misc.h">
      <Filter>Header Files</Filter>
    </ClInclude>
    <ClInclude Include="headers/mobitex.h">
      <Filter>Header Files</Filter>
    </ClInclude>
    <ClInclude Include="headers/pdw.h">
      <Filter>Header Files</Filter>
    </ClInclude>
    <ClInclude Include="headers/printer.h">
      <Filter>Header Files</Filter>
    </ClInclude>
    <ClInclude Include="headers/resource.h">
      <Filter>Header Files</Filter>
    </ClInclude>
    <ClInclude Include="headers/sigind.h">
      <Filter>Header Files</Filter>
    </ClInclude>
    <ClInclude Include="headers/slicer.h">
      <Filter>Header Files</Filter>
    </ClInclude>
    <ClInclude Include="headers/sound_in.h">
      <Filter>Header Files</Filter>
    </ClInclude>
    <ClInclude Include="headers/toolbar.h">
      <Filter>Header Files</Filter>
    </ClInclude>
    <ClInclude Include="openssl/include/openssl/aes.h">
      <Filter>Header Files</Filter>
    </ClInclude>
    <ClInclude Include="openssl/include/openssl/asn1.h">
      <Filter>Header Files</Filter>
    </ClInclude>
    <ClInclude Include="openssl/include/openssl/asn1t.h">
      <Filter>Header Files</Filter>
    </ClInclude>
    <ClInclude Include="openssl/include/openssl/asn1_mac.h">
      <Filter>Header Files</Filter>
    </ClInclude>
    <ClInclude Include="openssl/include/openssl/bio.h">
      <Filter>Header Files</Filter>
    </ClInclude>
    <ClInclude Include="openssl/include/openssl/blowfish.h">
      <Filter>Header Files</Filter>
    </ClInclude>
    <ClInclude Include="openssl/include/openssl/bn.h">
      <Filter>Header Files</Filter>
    </ClInclude>
    <ClInclude Include="openssl/include/openssl/buffer.h">
      <Filter>Header Files</Filter>
    </ClInclude>
    <ClInclude Include="openssl/include/openssl/cast.h">
      <Filter>Header Files</Filter>
    </ClInclude>
    <ClInclude Include="openssl/include/openssl/comp.h">
      <Filter>Header Files</Filter>
    </ClInclude>
    <ClInclude Include="openssl/include/openssl/conf.h">
      <Filter>Header Files</Filter>
    </ClInclude>
    <ClInclude Include="openssl/include/openssl/conf_api.h">
      <Filter>Header Files</Filter>
    </ClInclude>
    <ClInclude Include="openssl/include/openssl/crypto.h">
      <Filter>Header Files</Filter>
    </ClInclude>
    <ClInclude Include="openssl/include/openssl/des.h">
      <Filter>Header Files</Filter>
    </ClInclude>
    <ClInclude Include="openssl/include/openssl/des_old.h">
      <Filter>Header Files</Filter>
    </ClInclude>
    <ClInclude Include="openssl/include/openssl/dh.h">
      <Filter>Header Files</Filter>
    </ClInclude>
    <ClInclude Include="openssl/include/openssl/dsa.h">
      <Filter>Header Files</Filter>
    </ClInclude>
    <ClInclude Include="openssl/include/openssl/dso.h">
      <Filter>Header Files</Filter>
    </ClInclude>
    <ClInclude Include="openssl/include/openssl/dtls1.h">
      <Filter>Header Files</Filter>
    </ClInclude>
    <ClInclude Include="openssl/include/openssl/ebcdic.h">
      <Filter>Header Files</Filter>
    </ClInclude>
    <ClInclude Include="openssl/include/openssl/ec.h">
      <Filter>Header Files</Filter>
    </ClInclude>
    <ClInclude Include="openssl/include/openssl/ecdh.h">
      <Filter>Header Files</Filter>
    </ClInclude>
    <ClInclude Include="openssl/include/openssl/ecdsa.h">
      <Filter>Header Files</Filter>
    </ClInclude>
    <ClInclude Include="openssl/include/openssl/engine.h">
      <Filter>Header Files</Filter>
    </ClInclude>
    <ClInclude Include="openssl/include/openssl/err.h">
      <Filter>Header Files</Filter>
    </ClInclude>
    <ClInclude Include="openssl/include/openssl/evp.h">
      <Filter>Header Files</Filter>
    </ClInclude>
    <ClInclude Include="openssl/include/openssl/e_os2.h">
      <Filter>Header Files</Filter>
    </ClInclude>
    <ClInclude Include="openssl/include/openssl/hmac.h">
      <Filter>Header Files</Filter>
    </ClInclude>
    <ClInclude Include="openssl/include/openssl/idea.h">
      <Filter>Header Files</Filter>
    </ClInclude>
    <ClInclude Include="openssl/include/openssl/krb5_asn.h">
      <Filter>Header Files</Filter>
    </ClInclude>
    <ClInclude Include="openssl/include/openssl/kssl.h">
      <Filter>Header Files</Filter>
    </ClInclude>
    <ClInclude Include="openssl/include/openssl/lhash.h">
      <Filter>Header Files</Filter>
    </ClInclude>
    <ClInclude Include="openssl/include/openssl/md2.h">
      <Filter>Header Files</Filter>
    </ClInclude>
    <ClInclude Include="openssl/include/openssl/md4.h">
      <Filter>Header Files</Filter>
    </ClInclude>
    <ClInclude Include="openssl/include/openssl/md5.h">
      <Filter>Header Files</Filter>
    </ClInclude>
    <ClInclude Include="openssl/include/openssl/objects.h">
      <Filter>Header Files</Filter>
    </ClInclude>
    <ClInclude Include="openssl/include/openssl/obj_mac.h">
      <Filter>Header Files</Filter>
    </ClInclude>
    <ClInclude Include="openssl/include/openssl/ocsp.h">
      <Filter>Header Files</Filter>
    </ClInclude>
    <ClInclude Include="openssl/include/openssl/opensslconf.h">
      <Filter>Header Files</Filter>
    </ClInclude>
    <ClInclude Include="openssl/include/openssl/opensslv.h">
      <Filter>Header Files</Filter>
    </ClInclude>
    <ClInclude Include="openssl/include/openssl/ossl_typ.h">
      <Filter>Header Files</Filter>
    </ClInclude>
    <ClInclude Include="openssl/include/openssl/pem.h">
      <Filter>Header Files</Filter>
    </ClInclude>
    <ClInclude Include="openssl/include/openssl/pem2.h">
      <Filter>Header Files</Filter>
    </ClInclude>
    <ClInclude Include="openssl/include/openssl/pkcs12.h">
      <Filter>Header Files</Filter>
    </ClInclude>
    <ClInclude Include="openssl/include/openssl/pkcs7.h">
      <Filter>Header Files</Filter>
    </ClInclude>
    <ClInclude Include="openssl/include/openssl/pqueue.h">
      <Filter>Header Files</Filter>
    </ClInclude>
    <ClInclude Include="openssl/include/openssl/pq_compat.h">
      <Filter>Header Files</Filter>
    </ClInclude>
    <ClInclude Include="openssl/include/openssl/rand.h">
      <Filter>Header Files</Filter>
    </ClInclude>
    <ClInclude Include="openssl/include/openssl/rc2.h">
      <Filter>Header Files</Filter>
    </ClInclude>
    <ClInclude Include="openssl/include/openssl/rc4.h">
      <Filter>Header Files</Filter>
    </ClInclude>
    <ClInclude Include="openssl/include/openssl/ripemd.h">
      <Filter>Header Files</Filter>
    </ClInclude>
    <ClInclude Include="openssl/include/openssl/rsa.h">
      <Filter>Header Files</Filter>
    </ClInclude>
    <ClInclude Include="openssl/include/openssl/safestack.h">
      <Filter>Header Files</Filter>
    </ClInclude>
    <ClInclude Include="openssl/include/openssl/sha.h">
      <Filter>Header Files</Filter>
    </ClInclude>
    <ClInclude Include="openssl/include/openssl/ssl.h">
      <Filter>Header Files</Filter>
    </ClInclude>
    <ClInclude Include="openssl/include/openssl/ssl2.h">
      <Filter>Header Files</Filter>
    </ClInclude>
    <ClInclude Include="openssl/include/openssl/ssl23.h">
      <Filter>Header Files</Filter>
    </ClInclude>
    <ClInclude Include="openssl/include/openssl/ssl3.h">
      <Filter>Header Files</Filter>
    </ClInclude>
    <ClInclude Include="openssl/include/openssl/stack.h">
      <Filter>Header Files</Filter>
    </ClInclude>
    <ClInclude Include="openssl/include/openssl/store.h">
      <Filter>Header Files</Filter>
    </ClInclude>
    <ClInclude Include="openssl/include/openssl/symhacks.h">
      <Filter>Header Files</Filter>
    </ClInclude>
    <ClInclude Include="openssl/include/openssl/tls1.h">
      <Filter>Header Files</Filter>
    </ClInclude>
    <ClInclude Include="openssl/include/openssl/tmdiff.h">
      <Filter>Header Files</Filter>
    </ClInclude>
    <ClInclude Include="openssl/include/openssl/txt_db.h">
      <Filter>Header Files</Filter>
    </ClInclude>
    <ClInclude Include="openssl/include/openssl/ui.h">
      <Filter>Header Files</Filter>
    </ClInclude>
    <ClInclude Include="openssl/include/openssl/ui_compat.h">
      <Filter>Header Files</Filter>
    </ClInclude>
    <ClInclude Include="openssl/include/openssl/x509.h">
      <Filter>Header Files</Filter>
    </ClInclude>
    <ClInclude Include="openssl/include/openssl/x509v3.h">
      <Filter>Header Files</Filter>
    </ClInclude>
    <ClInclude Include="openssl/include/openssl/x509_vfy.h">
      <Filter>Header Files</Filter>
    </ClInclude>
    <ClInclude Include="utils/binary.h">
      <Filter>Header Files</Filter>
    </ClInclude>
    <ClInclude Include="utils/debug.h">
      <Filter>Header Files</Filter>
    </ClInclude>
    <ClInclude Include="utils/globals.h">
      <Filter>Header Files</Filter>
    </ClInclude>
    <ClInclude Include="utils/ipcnfg.h">
      <Filter>Header Files</Filter>
    </ClInclude>
    <ClInclude Include="utils/ostype.h">
      <Filter>Header Files</Filter>
    </ClInclude>
    <ClInclude Include="utils/rs232.h">
      <Filter>Header Files</Filter>
    </ClInclude>
    <ClInclude Include="utils/smtp.h">
      <Filter>Header Files</Filter>
    </ClInclude>
    <ClInclude Include="utils/smtp_int.h">
      <Filter>Header Files</Filter>
    </ClInclude>
  </ItemGroup>
  <ItemGroup>
    <ResourceCompile Include="rsrc.rc">
      <Filter>Resource Files</Filter>
    </ResourceCompile>
  </ItemGroup>
  <ItemGroup>
    <Image Include="GFX/clr.bmp">
      <Filter>Resource Files</Filter>
    </Image>
    <Image Include="GFX/copy.bmp">
      <Filter>Resource Files</Filter>
    </Image>
    <Image Include="GFX/cpyLO.bmp">
      <Filter>Resource Files</Filter>
    </Image>
    <Image Include="GFX/cpyUP.bmp">
      <Filter>Resource Files</Filter>
    </Image>
    <Image Include="GFX/exclamation.bmp">
      <Filter>Resource Files</Filter>
    </Image>
    <Image Include="GFX/filter.bmp">
      <Filter>Resource Files</Filter>
    </Image>
    <Image Include="GFX/help.bmp">
      <Filter>Resource Files</Filter>
    </Image>
    <Image Include="GFX/mode.bmp">
      <Filter>Resource Files</Filter>
    </Image>
    <Image Include="GFX/open.bmp">
      <Filter>Resource Files</Filter>
    </Image>
    <Image Include="GFX/options.bmp">
      <Filter>Resource Files</Filter>
    </Image>
    <Image Include="GFX/pause.bmp">
      <Filter>Resource Files</Filter>
    </Image>
    <Image Include="GFX/pdw.ico">
      <Filter>Resource Files</Filter>
    </Image>
    <Image Include="GFX/pdwlogo2.bmp">
      <Filter>Resource Files</Filter>
    </Image>
    <Image Include="GFX/prt.bmp">
      <Filter>Resource Files</Filter>
    </Image>
    <Image Include="GFX/save.bmp">
      <Filter>Resource Files</Filter>
    </Image>
    <Image Include="GFX/sigind.bmp">
      <Filter>Resource Files</Filter>
    </Image>
    <Image Include="GFX/stats.bmp">
      <Filter>Resource Files</Filter>
    </Image>
  </ItemGroup>
</Project>
