<?xml version="1.0" encoding="utf-8"?>
<Project ToolsVersion="4.0" xmlns="http://schemas.microsoft.com/developer/msbuild/2003">
  <ItemGroup>
    <Filter Include="Source Files">
      <UniqueIdentifier>{4FC737F1-C7A5-4376-A066-2A32D752A2FF}</UniqueIdentifier>
      <Extensions>cpp;c;cc;cxx;def;odl;idl;hpj;bat;asm;asmx</Extensions>
    </Filter>
    <Filter Include="Header Files">
      <UniqueIdentifier>{93995380-89BD-4b04-88EB-625FBE52EBFB}</UniqueIdentifier>
      <Extensions>h;hh;hpp;hxx;hm;inl;inc;xsd</Extensions>
    </Filter>
    <Filter Include="Resource Files">
      <UniqueIdentifier>{67DA6AB6-F800-4c08-8B7A-83BB121AAD01}</UniqueIdentifier>
      <Extensions>rc;ico;cur;bmp;dlg;rc2;rct;bin;rgs;gif;jpg;jpeg;jpe;resx;tiff;tif;png;wav</Extensions>
    </Filter>
  </ItemGroup>
  <ItemGroup>
    <ClCompile Include="main.cpp">
      <Filter>Source Files</Filter>
    </ClCompile>
    <ClCompile Include="initapp.c">
      <Filter>Source Files</Filter>
    </ClCompile>
    <ClCompile Include="language.c">
      <Filter>Source Files</Filter>
    </ClCompile>
    <ClCompile Include="gfx.c">
      <Filter>Source Files</Filter>
    </ClCompile>
    <ClCompile Include="menu.c">
      <Filter>Source Files</Filter>
    </ClCompile>
    <ClCompile Include="misc.cpp">
      <Filter>Source Files</Filter>
    </ClCompile>
    <ClCompile Include="printer.c">
      <Filter>Source Files</Filter>
    </ClCompile>
    <ClCompile Include="sigind.c">
      <Filter>Source Files</Filter>
    </ClCompile>
    <ClCompile Include="smtp.c">
      <Filter>Source Files</Filter>
    </ClCompile>
    <ClCompile Include="sound_in.cpp">
      <Filter>Source Files</Filter>
    </ClCompile>
    <ClCompile Include="toolbar.c">
      <Filter>Source Files</Filter>
    </ClCompile>
    <ClCompile Include="utils/binary.c">
      <Filter>Source Files</Filter>
    </ClCompile>
    <ClCompile Include="utils/debug.c">
      <Filter>Source Files</Filter>
    </ClCompile>
    <ClCompile Include="utils/messagequeue.c">
      <Filter>Source Files</Filter>
    </ClCompile>
    <ClCompile Include="utils/ipcnfg.c">
      <Filter>Source Files</Filter>
    </ClCompile>
    <ClCompile Include="utils/ostype.c">
      <Filter>Source Files</Filter>
    </ClCompile>
    <ClCompile Include="utils/rs232.c">
      <Filter>Source Files</Filter>
    </ClCompile>
    <ClCompile Include="utils/utils.c">
      <Filter>Source Files</Filter>
    </ClCompile>
    <ClCompile Include="decode/decode.cpp">
      <Filter>Source Files</Filter>
    </ClCompile>
    <ClCompile Include="decode/acars.cpp">
      <Filter>Source Files</Filter>
    </ClCompile>
    <ClCompile Include="decode/ermes.cpp">
      <Filter>Source Files</Filter>
    </ClCompile>
    <ClCompile Include="decode/flex.cpp">
      <Filter>Source Files</Filter>
    </ClCompile>
    <ClCompile Include="decode/mobitex.cpp">
      <Filter>Source Files</Filter>
    </ClCompile>
    <ClCompile Include="decode/pocsag.cpp">
      <Filter>Source Files</Filter>
    </ClCompile>
  </ItemGroup>
  <ItemGroup>
    <ClInclude Include="resource.h">
      <Filter>Header Files</Filter>
    </ClInclude>
    <ClInclude Include="pdw.h">
      <Filter>Header Files</Filter>
    </ClInclude>
    <ClInclude Include="language.h">
      <Filter>Header Files</Filter>
    </ClInclude>
    <ClInclude Include="gfx.h">
      <Filter>Header Files</Filter>
    </ClInclude>
    <ClInclude Include="menu.h">
      <Filter>Header Files</Filter>
    </ClInclude>
    <ClInclude Include="misc.h">
      <Filter>Header Files</Filter>
    </ClInclude>
    <ClInclude Include="printer.h">
      <Filter>Header Files</Filter>
    </ClInclude>
    <ClInclude Include="sigind.h">
      <Filter>Header Files</Filter>
    </ClInclude>
    <ClInclude Include="slicer.h">
      <Filter>Header Files</Filter>
    </ClInclude>
    <ClInclude Include="smtp.h">
      <Filter>Header Files</Filter>
    </ClInclude>
    <ClInclude Include="smtp_int.h">
      <Filter>Header Files</Filter>
    </ClInclude>
    <ClInclude Include="sound_in.h">
      <Filter>Header Files</Filter>
    </ClInclude>
    <ClInclude Include="toolbar.h">
      <Filter>Header Files</Filter>
    </ClInclude>
    <ClInclude Include="utils/binary.h">
      <Filter>Header Files</Filter>
    </ClInclude>
    <ClInclude Include="utils/debug.h">
      <Filter>Header Files</Filter>
    </ClInclude>
    <ClInclude Include="utils/messagequeue.h">
      <Filter>Header Files</Filter>
    </ClInclude>
    <ClInclude Include="utils/ipcnfg.h">
      <Filter>Header Files</Filter>
    </ClInclude>
    <ClInclude Include="utils/ostype.h">
      <Filter>Header Files</Filter>
    </ClInclude>
    <ClInclude Include="utils/rs232.h">
      <Filter>Header Files</Filter>
    </ClInclude>
    <ClInclude Include="utils/utils.h">
      <Filter>Header Files</Filter>
    </ClInclude>
    <ClInclude Include="decode/decode.h">
      <Filter>Header Files</Filter>
    </ClInclude>
    <ClInclude Include="decode/acars.h">
      <Filter>Header Files</Filter>
    </ClInclude>
    <ClInclude Include="decode/ermes.h">
      <Filter>Header Files</Filter>
    </ClInclude>
    <ClInclude Include="decode/flex.h">
      <Filter>Header Files</Filter>
    </ClInclude>
    <ClInclude Include="decode/mobitex.h">
      <Filter>Header Files</Filter>
    </ClInclude>
    <ClInclude Include="decode/pocsag.h">
      <Filter>Header Files</Filter>
    </ClInclude>
    <ClInclude Include="utils/globals.h">
      <Filter>Header Files</Filter>
    </ClInclude>
  </ItemGroup>
  <ItemGroup>
    <ResourceCompile Include="rsrc.rc">
      <Filter>Resource Files</Filter>
    </ResourceCompile>
  </ItemGroup>
  <ItemGroup>
    <Image Include="GFX/clr.bmp">
      <Filter>Resource Files</Filter>
    </Image>
    <Image Include="GFX/copy.bmp">
      <Filter>Resource Files</Filter>
    </Image>
    <Image Include="GFX/cpyLO.bmp">
      <Filter>Resource Files</Filter>
    </Image>
    <Image Include="GFX/cpyUP.bmp">
      <Filter>Resource Files</Filter>
    </Image>
    <Image Include="GFX/exclamation.bmp">
      <Filter>Resource Files</Filter>
    </Image>
    <Image Include="GFX/filter.bmp">
      <Filter>Resource Files</Filter>
    </Image>
    <Image Include="GFX/help.bmp">
      <Filter>Resource Files</Filter>
    </Image>
    <Image Include="GFX/mode.bmp">
      <Filter>Resource Files</Filter>
    </Image>
    <Image Include="GFX/open.bmp">
      <Filter>Resource Files</Filter>
    </Image>
    <Image Include="GFX/options.bmp">
      <Filter>Resource Files</Filter>
    </Image>
    <Image Include="GFX/pause.bmp">
      <Filter>Resource Files</Filter>
    </Image>
    <Image Include="GFX/pdw.ico">
      <Filter>Resource Files</Filter>
    </Image>
    <Image Include="GFX/pdwlogo2.bmp">
      <Filter>Resource Files</Filter>
    </Image>
    <Image Include="GFX/prt.bmp">
      <Filter>Resource Files</Filter>
    </Image>
    <Image Include="GFX/save.bmp">
      <Filter>Resource Files</Filter>
    </Image>
    <Image Include="GFX/sigind.bmp">
      <Filter>Resource Files</Filter>
    </Image>
    <Image Include="GFX/stats.bmp">
      <Filter>Resource Files</Filter>
    </Image>
  </ItemGroup>
</Project>